
Microsoft Visual Studio Solution File, Format Version 12.00
Project("{FAE04EC0-301F-11D3-BF4B-00C04F79EFBC}") = "NifBulkEdit.Core", "NifBulkEdit.Core\NifBulkEdit.Core.csproj", "{A66E5FB4-4137-4BD2-8111-D1B4814CFFA5}"
EndProject
Project("{FAE04EC0-301F-11D3-BF4B-00C04F79EFBC}") = "NifBulkEdit.Ui", "NifBulkEdit.Ui\NifBulkEdit.Ui.csproj", "{93CE79B0-4D06-4795-B195-2DAF601C46F6}"
EndProject
Project("{2150E333-8FDC-42A3-9474-1A3956D46DE8}") = "Files", "Files", "{AF6EDA8E-0D2D-4C8A-B93A-55AAC2BC7A70}"
	ProjectSection(SolutionItems) = preProject
		.github\workflows\dotnet-desktop.yml = .github\workflows\dotnet-desktop.yml
	EndProjectSection
EndProject
Global
	GlobalSection(SolutionConfigurationPlatforms) = preSolution
		Debug|Any CPU = Debug|Any CPU
		Release|Any CPU = Release|Any CPU
	EndGlobalSection
	GlobalSection(ProjectConfigurationPlatforms) = postSolution
		{A66E5FB4-4137-4BD2-8111-D1B4814CFFA5}.Debug|Any CPU.ActiveCfg = Debug|Any CPU
		{A66E5FB4-4137-4BD2-8111-D1B4814CFFA5}.Debug|Any CPU.Build.0 = Debug|Any CPU
		{A66E5FB4-4137-4BD2-8111-D1B4814CFFA5}.Release|Any CPU.ActiveCfg = Release|Any CPU
		{A66E5FB4-4137-4BD2-8111-D1B4814CFFA5}.Release|Any CPU.Build.0 = Release|Any CPU
		{93CE79B0-4D06-4795-B195-2DAF601C46F6}.Debug|Any CPU.ActiveCfg = Debug|Any CPU
		{93CE79B0-4D06-4795-B195-2DAF601C46F6}.Debug|Any CPU.Build.0 = Debug|Any CPU
		{93CE79B0-4D06-4795-B195-2DAF601C46F6}.Release|Any CPU.ActiveCfg = Release|Any CPU
		{93CE79B0-4D06-4795-B195-2DAF601C46F6}.Release|Any CPU.Build.0 = Release|Any CPU
	EndGlobalSection
EndGlobal
